
Microsoft Visual Studio Solution File, Format Version 12.00
# Visual Studio Version 17
VisualStudioVersion = 17.7.34221.43
MinimumVisualStudioVersion = 10.0.40219.1
Project("{FAE04EC0-301F-11D3-BF4B-00C04F79EFBC}") = "GenericRepoWithUnitOfWork.Infra", "GenericRepoWithUnitOfWork.Infra\GenericRepoWithUnitOfWork.Infra.csproj", "{2ABF4489-8A77-4EB5-B48A-70E2AF6D832C}"
EndProject
Project("{FAE04EC0-301F-11D3-BF4B-00C04F79EFBC}") = "GenericRepoWithUnitOfWork.Api", "GenericRepoWithUnitOfWork.Api\GenericRepoWithUnitOfWork.Api.csproj", "{2779E5F4-02B9-4122-B1C0-AB8898E643AA}"
EndProject
Project("{FAE04EC0-301F-11D3-BF4B-00C04F79EFBC}") = "GenericRepoWithUnitOfWork.Domain", "GenericRepoWithUnitOfWork.Domain\GenericRepoWithUnitOfWork.Domain.csproj", "{47CC0215-DDC1-42B0-B236-BC0EE80168AA}"
EndProject
Project("{FAE04EC0-301F-11D3-BF4B-00C04F79EFBC}") = "GenericRepoWithUnitOfWork.Core", "GenericRepoWithUnitOfWork.Core\GenericRepoWithUnitOfWork.Core.csproj", "{2033BF73-C6D8-482B-ADB8-9B6278C6C8F5}"
EndProject
Global
	GlobalSection(SolutionConfigurationPlatforms) = preSolution
		Debug|Any CPU = Debug|Any CPU
		Release|Any CPU = Release|Any CPU
	EndGlobalSection
	GlobalSection(ProjectConfigurationPlatforms) = postSolution
		{2ABF4489-8A77-4EB5-B48A-70E2AF6D832C}.Debug|Any CPU.ActiveCfg = Debug|Any CPU
		{2ABF4489-8A77-4EB5-B48A-70E2AF6D832C}.Debug|Any CPU.Build.0 = Debug|Any CPU
		{2ABF4489-8A77-4EB5-B48A-70E2AF6D832C}.Release|Any CPU.ActiveCfg = Release|Any CPU
		{2ABF4489-8A77-4EB5-B48A-70E2AF6D832C}.Release|Any CPU.Build.0 = Release|Any CPU
		{2779E5F4-02B9-4122-B1C0-AB8898E643AA}.Debug|Any CPU.ActiveCfg = Debug|Any CPU
		{2779E5F4-02B9-4122-B1C0-AB8898E643AA}.Debug|Any CPU.Build.0 = Debug|Any CPU
		{2779E5F4-02B9-4122-B1C0-AB8898E643AA}.Release|Any CPU.ActiveCfg = Release|Any CPU
		{2779E5F4-02B9-4122-B1C0-AB8898E643AA}.Release|Any CPU.Build.0 = Release|Any CPU
		{47CC0215-DDC1-42B0-B236-BC0EE80168AA}.Debug|Any CPU.ActiveCfg = Debug|Any CPU
		{47CC0215-DDC1-42B0-B236-BC0EE80168AA}.Debug|Any CPU.Build.0 = Debug|Any CPU
		{47CC0215-DDC1-42B0-B236-BC0EE80168AA}.Release|Any CPU.ActiveCfg = Release|Any CPU
		{47CC0215-DDC1-42B0-B236-BC0EE80168AA}.Release|Any CPU.Build.0 = Release|Any CPU
		{2033BF73-C6D8-482B-ADB8-9B6278C6C8F5}.Debug|Any CPU.ActiveCfg = Debug|Any CPU
		{2033BF73-C6D8-482B-ADB8-9B6278C6C8F5}.Debug|Any CPU.Build.0 = Debug|Any CPU
		{2033BF73-C6D8-482B-ADB8-9B6278C6C8F5}.Release|Any CPU.ActiveCfg = Release|Any CPU
		{2033BF73-C6D8-482B-ADB8-9B6278C6C8F5}.Release|Any CPU.Build.0 = Release|Any CPU
	EndGlobalSection
	GlobalSection(SolutionProperties) = preSolution
		HideSolutionNode = FALSE
	EndGlobalSection
	GlobalSection(ExtensibilityGlobals) = postSolution
		SolutionGuid = {91DF8789-F2AA-4E38-8674-550BF2DA2429}
	EndGlobalSection
EndGlobal
